
Microsoft Visual Studio Solution File, Format Version 12.00
# Visual Studio 15
VisualStudioVersion = 15.0.28307.168
MinimumVisualStudioVersion = 10.0.40219.1
Project("{FAE04EC0-301F-11D3-BF4B-00C04F79EFBC}") = "MqttNetApp", "MqttNetApp\MqttNetApp.csproj", "{E028542B-647F-4AD0-BA4F-6E30187167A7}"
EndProject
Global
	GlobalSection(SolutionConfigurationPlatforms) = preSolution
		Debug|Any CPU = Debug|Any CPU
		Release|Any CPU = Release|Any CPU
	EndGlobalSection
	GlobalSection(ProjectConfigurationPlatforms) = postSolution
		{E028542B-647F-4AD0-BA4F-6E30187167A7}.Debug|Any CPU.ActiveCfg = Debug|Any CPU
		{E028542B-647F-4AD0-BA4F-6E30187167A7}.Debug|Any CPU.Build.0 = Debug|Any CPU
		{E028542B-647F-4AD0-BA4F-6E30187167A7}.Release|Any CPU.ActiveCfg = Release|Any CPU
		{E028542B-647F-4AD0-BA4F-6E30187167A7}.Release|Any CPU.Build.0 = Release|Any CPU
	EndGlobalSection
	GlobalSection(SolutionProperties) = preSolution
		HideSolutionNode = FALSE
	EndGlobalSection
	GlobalSection(ExtensibilityGlobals) = postSolution
		SolutionGuid = {E88F029D-FD5D-41B0-9335-1785B47A1915}
	EndGlobalSection
EndGlobal
